// !$*UTF8*$!
{
	archiveVersion = 1;
	classes = {
	};
	objectVersion = 56;
	objects = {

/* Begin PBXBuildFile section */
		2A505FBB2CB084D8008F4A20 /* SignUpVC.swift in Sources */ = {isa = PBXBuildFile; fileRef = 2A505FBA2CB084D8008F4A20 /* SignUpVC.swift */; };
		2A505FBD2CB084FD008F4A20 /* LoginVC.swift in Sources */ = {isa = PBXBuildFile; fileRef = 2A505FBC2CB084FD008F4A20 /* LoginVC.swift */; };
		2A505FBF2CB11557008F4A20 /* user.swift in Sources */ = {isa = PBXBuildFile; fileRef = 2A505FBE2CB11557008F4A20 /* user.swift */; };
		2AE9FA9B2CB58C9600A7F54B /* Body.storyboard in Resources */ = {isa = PBXBuildFile; fileRef = 2AE9FA9A2CB58C9600A7F54B /* Body.storyboard */; };
		2AE9FA9F2CB58D3E00A7F54B /* ViewController.swift in Sources */ = {isa = PBXBuildFile; fileRef = 2AE9FA9E2CB58D3E00A7F54B /* ViewController.swift */; };
		2AF04D7C2CB00AB500DA2BBB /* AppDelegate.swift in Sources */ = {isa = PBXBuildFile; fileRef = 2AF04D7B2CB00AB500DA2BBB /* AppDelegate.swift */; };
		2AF04D7E2CB00AB500DA2BBB /* SceneDelegate.swift in Sources */ = {isa = PBXBuildFile; fileRef = 2AF04D7D2CB00AB500DA2BBB /* SceneDelegate.swift */; };
		2AF04D802CB00AB500DA2BBB /* GetStartedVC.swift in Sources */ = {isa = PBXBuildFile; fileRef = 2AF04D7F2CB00AB500DA2BBB /* GetStartedVC.swift */; };
		2AF04D832CB00AB500DA2BBB /* Base in Resources */ = {isa = PBXBuildFile; fileRef = 2AF04D822CB00AB500DA2BBB /* Base */; };
		2AF04D852CB00AB600DA2BBB /* Assets.xcassets in Resources */ = {isa = PBXBuildFile; fileRef = 2AF04D842CB00AB600DA2BBB /* Assets.xcassets */; };
		2AF04D882CB00AB600DA2BBB /* Base in Resources */ = {isa = PBXBuildFile; fileRef = 2AF04D872CB00AB600DA2BBB /* Base */; };
/* End PBXBuildFile section */

/* Begin PBXFileReference section */
		2A505FBA2CB084D8008F4A20 /* SignUpVC.swift */ = {isa = PBXFileReference; lastKnownFileType = sourcecode.swift; path = SignUpVC.swift; sourceTree = "<group>"; };
		2A505FBC2CB084FD008F4A20 /* LoginVC.swift */ = {isa = PBXFileReference; lastKnownFileType = sourcecode.swift; path = LoginVC.swift; sourceTree = "<group>"; };
		2A505FBE2CB11557008F4A20 /* user.swift */ = {isa = PBXFileReference; lastKnownFileType = sourcecode.swift; path = user.swift; sourceTree = "<group>"; };
		2AE9FA9A2CB58C9600A7F54B /* Body.storyboard */ = {isa = PBXFileReference; lastKnownFileType = file.storyboard; path = Body.storyboard; sourceTree = "<group>"; };
		2AE9FA9E2CB58D3E00A7F54B /* ViewController.swift */ = {isa = PBXFileReference; lastKnownFileType = sourcecode.swift; path = ViewController.swift; sourceTree = "<group>"; };
		2AF04D782CB00AB500DA2BBB /* MilyonchuSE.app */ = {isa = PBXFileReference; explicitFileType = wrapper.application; includeInIndex = 0; path = MilyonchuSE.app; sourceTree = BUILT_PRODUCTS_DIR; };
		2AF04D7B2CB00AB500DA2BBB /* AppDelegate.swift */ = {isa = PBXFileReference; lastKnownFileType = sourcecode.swift; path = AppDelegate.swift; sourceTree = "<group>"; };
		2AF04D7D2CB00AB500DA2BBB /* SceneDelegate.swift */ = {isa = PBXFileReference; lastKnownFileType = sourcecode.swift; path = SceneDelegate.swift; sourceTree = "<group>"; };
		2AF04D7F2CB00AB500DA2BBB /* GetStartedVC.swift */ = {isa = PBXFileReference; lastKnownFileType = sourcecode.swift; path = GetStartedVC.swift; sourceTree = "<group>"; };
		2AF04D822CB00AB500DA2BBB /* Base */ = {isa = PBXFileReference; lastKnownFileType = file.storyboard; name = Base; path = Base.lproj/Main.storyboard; sourceTree = "<group>"; };
		2AF04D842CB00AB600DA2BBB /* Assets.xcassets */ = {isa = PBXFileReference; lastKnownFileType = folder.assetcatalog; path = Assets.xcassets; sourceTree = "<group>"; };
		2AF04D872CB00AB600DA2BBB /* Base */ = {isa = PBXFileReference; lastKnownFileType = file.storyboard; name = Base; path = Base.lproj/LaunchScreen.storyboard; sourceTree = "<group>"; };
		2AF04D892CB00AB600DA2BBB /* Info.plist */ = {isa = PBXFileReference; lastKnownFileType = text.plist.xml; path = Info.plist; sourceTree = "<group>"; };
/* End PBXFileReference section */

/* Begin PBXFrameworksBuildPhase section */
		2AF04D752CB00AB500DA2BBB /* Frameworks */ = {
			isa = PBXFrameworksBuildPhase;
			buildActionMask = 2147483647;
			files = (
			);
			runOnlyForDeploymentPostprocessing = 0;
		};
/* End PBXFrameworksBuildPhase section */

/* Begin PBXGroup section */
		2AE9FA9C2CB58CB600A7F54B /* GetStarted */ = {
			isa = PBXGroup;
			children = (
				2AF04D7F2CB00AB500DA2BBB /* GetStartedVC.swift */,
				2A505FBA2CB084D8008F4A20 /* SignUpVC.swift */,
				2A505FBE2CB11557008F4A20 /* user.swift */,
				2A505FBC2CB084FD008F4A20 /* LoginVC.swift */,
			);
			path = GetStarted;
			sourceTree = "<group>";
		};
		2AE9FA9D2CB58CE900A7F54B /* Storyboards */ = {
			isa = PBXGroup;
			children = (
				2AF04D812CB00AB500DA2BBB /* Main.storyboard */,
				2AE9FA9A2CB58C9600A7F54B /* Body.storyboard */,
			);
			path = Storyboards;
			sourceTree = "<group>";
		};
		2AE9FAA02CB58D4900A7F54B /* APP */ = {
			isa = PBXGroup;
			children = (
				2AF04D7B2CB00AB500DA2BBB /* AppDelegate.swift */,
				2AF04D7D2CB00AB500DA2BBB /* SceneDelegate.swift */,
			);
			path = APP;
			sourceTree = "<group>";
		};
		2AE9FAA12CB58D6000A7F54B /* Body */ = {
			isa = PBXGroup;
			children = (
				2AE9FA9E2CB58D3E00A7F54B /* ViewController.swift */,
			);
			path = Body;
			sourceTree = "<group>";
		};
		2AF04D6F2CB00AB500DA2BBB = {
			isa = PBXGroup;
			children = (
				2AF04D7A2CB00AB500DA2BBB /* MilyonchuSE */,
				2AF04D792CB00AB500DA2BBB /* Products */,
			);
			sourceTree = "<group>";
		};
		2AF04D792CB00AB500DA2BBB /* Products */ = {
			isa = PBXGroup;
			children = (
				2AF04D782CB00AB500DA2BBB /* MilyonchuSE.app */,
			);
			name = Products;
			sourceTree = "<group>";
		};
		2AF04D7A2CB00AB500DA2BBB /* MilyonchuSE */ = {
			isa = PBXGroup;
			children = (
				2AE9FAA02CB58D4900A7F54B /* APP */,
				2AE9FA9C2CB58CB600A7F54B /* GetStarted */,
				2AE9FAA12CB58D6000A7F54B /* Body */,
				2AE9FA9D2CB58CE900A7F54B /* Storyboards */,
				2AF04D842CB00AB600DA2BBB /* Assets.xcassets */,
				2AF04D862CB00AB600DA2BBB /* LaunchScreen.storyboard */,
				2AF04D892CB00AB600DA2BBB /* Info.plist */,
			);
			path = MilyonchuSE;
			sourceTree = "<group>";
		};
/* End PBXGroup section */

/* Begin PBXNativeTarget section */
		2AF04D772CB00AB500DA2BBB /* MilyonchuSE */ = {
			isa = PBXNativeTarget;
			buildConfigurationList = 2AF04D8C2CB00AB600DA2BBB /* Build configuration list for PBXNativeTarget "MilyonchuSE" */;
			buildPhases = (
				2AF04D742CB00AB500DA2BBB /* Sources */,
				2AF04D752CB00AB500DA2BBB /* Frameworks */,
				2AF04D762CB00AB500DA2BBB /* Resources */,
			);
			buildRules = (
			);
			dependencies = (
			);
			name = MilyonchuSE;
			productName = MilyonchuSE;
			productReference = 2AF04D782CB00AB500DA2BBB /* MilyonchuSE.app */;
			productType = "com.apple.product-type.application";
		};
/* End PBXNativeTarget section */

/* Begin PBXProject section */
		2AF04D702CB00AB500DA2BBB /* Project object */ = {
			isa = PBXProject;
			attributes = {
				BuildIndependentTargetsInParallel = 1;
				LastSwiftUpdateCheck = 1540;
				LastUpgradeCheck = 1540;
				TargetAttributes = {
					2AF04D772CB00AB500DA2BBB = {
						CreatedOnToolsVersion = 15.4;
					};
				};
			};
			buildConfigurationList = 2AF04D732CB00AB500DA2BBB /* Build configuration list for PBXProject "MilyonchuSE" */;
			compatibilityVersion = "Xcode 14.0";
			developmentRegion = en;
			hasScannedForEncodings = 0;
			knownRegions = (
				en,
				Base,
			);
			mainGroup = 2AF04D6F2CB00AB500DA2BBB;
			productRefGroup = 2AF04D792CB00AB500DA2BBB /* Products */;
			projectDirPath = "";
			projectRoot = "";
			targets = (
				2AF04D772CB00AB500DA2BBB /* MilyonchuSE */,
			);
		};
/* End PBXProject section */

/* Begin PBXResourcesBuildPhase section */
		2AF04D762CB00AB500DA2BBB /* Resources */ = {
			isa = PBXResourcesBuildPhase;
			buildActionMask = 2147483647;
			files = (
				2AE9FA9B2CB58C9600A7F54B /* Body.storyboard in Resources */,
				2AF04D852CB00AB600DA2BBB /* Assets.xcassets in Resources */,
				2AF04D882CB00AB600DA2BBB /* Base in Resources */,
				2AF04D832CB00AB500DA2BBB /* Base in Resources */,
			);
			runOnlyForDeploymentPostprocessing = 0;
		};
/* End PBXResourcesBuildPhase section */

/* Begin PBXSourcesBuildPhase section */
		2AF04D742CB00AB500DA2BBB /* Sources */ = {
			isa = PBXSourcesBuildPhase;
			buildActionMask = 2147483647;
			files = (
				2A505FBF2CB11557008F4A20 /* user.swift in Sources */,
				2A505FBB2CB084D8008F4A20 /* SignUpVC.swift in Sources */,
				2AF04D802CB00AB500DA2BBB /* GetStartedVC.swift in Sources */,
				2AF04D7C2CB00AB500DA2BBB /* AppDelegate.swift in Sources */,
				2AE9FA9F2CB58D3E00A7F54B /* ViewController.swift in Sources */,
				2AF04D7E2CB00AB500DA2BBB /* SceneDelegate.swift in Sources */,
				2A505FBD2CB084FD008F4A20 /* LoginVC.swift in Sources */,
			);
			runOnlyForDeploymentPostprocessing = 0;
		};
/* End PBXSourcesBuildPhase section */

/* Begin PBXVariantGroup section */
		2AF04D812CB00AB500DA2BBB /* Main.storyboard */ = {
			isa = PBXVariantGroup;
			children = (
				2AF04D822CB00AB500DA2BBB /* Base */,
			);
			name = Main.storyboard;
			sourceTree = "<group>";
		};
		2AF04D862CB00AB600DA2BBB /* LaunchScreen.storyboard */ = {
			isa = PBXVariantGroup;
			children = (
				2AF04D872CB00AB600DA2BBB /* Base */,
			);
			name = LaunchScreen.storyboard;
			sourceTree = "<group>";
		};
/* End PBXVariantGroup section */

/* Begin XCBuildConfiguration section */
		2AF04D8A2CB00AB600DA2BBB /* Debug */ = {
			isa = XCBuildConfiguration;
			buildSettings = {
				ALWAYS_SEARCH_USER_PATHS = NO;
				ASSETCATALOG_COMPILER_GENERATE_SWIFT_ASSET_SYMBOL_EXTENSIONS = YES;
				CLANG_ANALYZER_NONNULL = YES;
				CLANG_ANALYZER_NUMBER_OBJECT_CONVERSION = YES_AGGRESSIVE;
				CLANG_CXX_LANGUAGE_STANDARD = "gnu++20";
				CLANG_ENABLE_MODULES = YES;
				CLANG_ENABLE_OBJC_ARC = YES;
				CLANG_ENABLE_OBJC_WEAK = YES;
				CLANG_WARN_BLOCK_CAPTURE_AUTORELEASING = YES;
				CLANG_WARN_BOOL_CONVERSION = YES;
				CLANG_WARN_COMMA = YES;
				CLANG_WARN_CONSTANT_CONVERSION = YES;
				CLANG_WARN_DEPRECATED_OBJC_IMPLEMENTATIONS = YES;
				CLANG_WARN_DIRECT_OBJC_ISA_USAGE = YES_ERROR;
				CLANG_WARN_DOCUMENTATION_COMMENTS = YES;
				CLANG_WARN_EMPTY_BODY = YES;
				CLANG_WARN_ENUM_CONVERSION = YES;
				CLANG_WARN_INFINITE_RECURSION = YES;
				CLANG_WARN_INT_CONVERSION = YES;
				CLANG_WARN_NON_LITERAL_NULL_CONVERSION = YES;
				CLANG_WARN_OBJC_IMPLICIT_RETAIN_SELF = YES;
				CLANG_WARN_OBJC_LITERAL_CONVERSION = YES;
				CLANG_WARN_OBJC_ROOT_CLASS = YES_ERROR;
				CLANG_WARN_QUOTED_INCLUDE_IN_FRAMEWORK_HEADER = YES;
				CLANG_WARN_RANGE_LOOP_ANALYSIS = YES;
				CLANG_WARN_STRICT_PROTOTYPES = YES;
				CLANG_WARN_SUSPICIOUS_MOVE = YES;
				CLANG_WARN_UNGUARDED_AVAILABILITY = YES_AGGRESSIVE;
				CLANG_WARN_UNREACHABLE_CODE = YES;
				CLANG_WARN__DUPLICATE_METHOD_MATCH = YES;
				COPY_PHASE_STRIP = NO;
				DEBUG_INFORMATION_FORMAT = dwarf;
				ENABLE_STRICT_OBJC_MSGSEND = YES;
				ENABLE_TESTABILITY = YES;
				ENABLE_USER_SCRIPT_SANDBOXING = YES;
				GCC_C_LANGUAGE_STANDARD = gnu17;
				GCC_DYNAMIC_NO_PIC = NO;
				GCC_NO_COMMON_BLOCKS = YES;
				GCC_OPTIMIZATION_LEVEL = 0;
				GCC_PREPROCESSOR_DEFINITIONS = (
					"DEBUG=1",
					"$(inherited)",
				);
				GCC_WARN_64_TO_32_BIT_CONVERSION = YES;
				GCC_WARN_ABOUT_RETURN_TYPE = YES_ERROR;
				GCC_WARN_UNDECLARED_SELECTOR = YES;
				GCC_WARN_UNINITIALIZED_AUTOS = YES_AGGRESSIVE;
				GCC_WARN_UNUSED_FUNCTION = YES;
				GCC_WARN_UNUSED_VARIABLE = YES;
				IPHONEOS_DEPLOYMENT_TARGET = 17.5;
				LOCALIZATION_PREFERS_STRING_CATALOGS = YES;
				MTL_ENABLE_DEBUG_INFO = INCLUDE_SOURCE;
				MTL_FAST_MATH = YES;
				ONLY_ACTIVE_ARCH = YES;
				SDKROOT = iphoneos;
				SWIFT_ACTIVE_COMPILATION_CONDITIONS = "DEBUG $(inherited)";
				SWIFT_OPTIMIZATION_LEVEL = "-Onone";
			};
			name = Debug;
		};
		2AF04D8B2CB00AB600DA2BBB /* Release */ = {
			isa = XCBuildConfiguration;
			buildSettings = {
				ALWAYS_SEARCH_USER_PATHS = NO;
				ASSETCATALOG_COMPILER_GENERATE_SWIFT_ASSET_SYMBOL_EXTENSIONS = YES;
				CLANG_ANALYZER_NONNULL = YES;
				CLANG_ANALYZER_NUMBER_OBJECT_CONVERSION = YES_AGGRESSIVE;
				CLANG_CXX_LANGUAGE_STANDARD = "gnu++20";
				CLANG_ENABLE_MODULES = YES;
				CLANG_ENABLE_OBJC_ARC = YES;
				CLANG_ENABLE_OBJC_WEAK = YES;
				CLANG_WARN_BLOCK_CAPTURE_AUTORELEASING = YES;
				CLANG_WARN_BOOL_CONVERSION = YES;
				CLANG_WARN_COMMA = YES;
				CLANG_WARN_CONSTANT_CONVERSION = YES;
				CLANG_WARN_DEPRECATED_OBJC_IMPLEMENTATIONS = YES;
				CLANG_WARN_DIRECT_OBJC_ISA_USAGE = YES_ERROR;
				CLANG_WARN_DOCUMENTATION_COMMENTS = YES;
				CLANG_WARN_EMPTY_BODY = YES;
				CLANG_WARN_ENUM_CONVERSION = YES;
				CLANG_WARN_INFINITE_RECURSION = YES;
				CLANG_WARN_INT_CONVERSION = YES;
				CLANG_WARN_NON_LITERAL_NULL_CONVERSION = YES;
				CLANG_WARN_OBJC_IMPLICIT_RETAIN_SELF = YES;
				CLANG_WARN_OBJC_LITERAL_CONVERSION = YES;
				CLANG_WARN_OBJC_ROOT_CLASS = YES_ERROR;
				CLANG_WARN_QUOTED_INCLUDE_IN_FRAMEWORK_HEADER = YES;
				CLANG_WARN_RANGE_LOOP_ANALYSIS = YES;
				CLANG_WARN_STRICT_PROTOTYPES = YES;
				CLANG_WARN_SUSPICIOUS_MOVE = YES;
				CLANG_WARN_UNGUARDED_AVAILABILITY = YES_AGGRESSIVE;
				CLANG_WARN_UNREACHABLE_CODE = YES;
				CLANG_WARN__DUPLICATE_METHOD_MATCH = YES;
				COPY_PHASE_STRIP = NO;
				DEBUG_INFORMATION_FORMAT = "dwarf-with-dsym";
				ENABLE_NS_ASSERTIONS = NO;
				ENABLE_STRICT_OBJC_MSGSEND = YES;
				ENABLE_USER_SCRIPT_SANDBOXING = YES;
				GCC_C_LANGUAGE_STANDARD = gnu17;
				GCC_NO_COMMON_BLOCKS = YES;
				GCC_WARN_64_TO_32_BIT_CONVERSION = YES;
				GCC_WARN_ABOUT_RETURN_TYPE = YES_ERROR;
				GCC_WARN_UNDECLARED_SELECTOR = YES;
				GCC_WARN_UNINITIALIZED_AUTOS = YES_AGGRESSIVE;
				GCC_WARN_UNUSED_FUNCTION = YES;
				GCC_WARN_UNUSED_VARIABLE = YES;
				IPHONEOS_DEPLOYMENT_TARGET = 17.5;
				LOCALIZATION_PREFERS_STRING_CATALOGS = YES;
				MTL_ENABLE_DEBUG_INFO = NO;
				MTL_FAST_MATH = YES;
				SDKROOT = iphoneos;
				SWIFT_COMPILATION_MODE = wholemodule;
				VALIDATE_PRODUCT = YES;
			};
			name = Release;
		};
		2AF04D8D2CB00AB600DA2BBB /* Debug */ = {
			isa = XCBuildConfiguration;
			buildSettings = {
				ASSETCATALOG_COMPILER_APPICON_NAME = AppIcon;
				ASSETCATALOG_COMPILER_GLOBAL_ACCENT_COLOR_NAME = AccentColor;
				CODE_SIGN_STYLE = Automatic;
				CURRENT_PROJECT_VERSION = 1;
				GENERATE_INFOPLIST_FILE = YES;
				INFOPLIST_FILE = MilyonchuSE/Info.plist;
				INFOPLIST_KEY_UIApplicationSupportsIndirectInputEvents = YES;
				INFOPLIST_KEY_UILaunchStoryboardName = LaunchScreen;
				INFOPLIST_KEY_UIMainStoryboardFile = Main;
				INFOPLIST_KEY_UISupportedInterfaceOrientations_iPad = "UIInterfaceOrientationPortrait UIInterfaceOrientationPortraitUpsideDown UIInterfaceOrientationLandscapeLeft UIInterfaceOrientationLandscapeRight";
				INFOPLIST_KEY_UISupportedInterfaceOrientations_iPhone = "UIInterfaceOrientationPortrait UIInterfaceOrientationLandscapeLeft UIInterfaceOrientationLandscapeRight";
				LD_RUNPATH_SEARCH_PATHS = (
					"$(inherited)",
					"@executable_path/Frameworks",
				);
				MARKETING_VERSION = 1.0;
				PRODUCT_BUNDLE_IDENTIFIER = com.QuizAPP.MilyonchuSE;
				PRODUCT_NAME = "$(TARGET_NAME)";
				SWIFT_EMIT_LOC_STRINGS = YES;
				SWIFT_VERSION = 5.0;
				TARGETED_DEVICE_FAMILY = "1,2";
			};
			name = Debug;
		};
		2AF04D8E2CB00AB600DA2BBB /* Release */ = {
			isa = XCBuildConfiguration;
			buildSettings = {
				ASSETCATALOG_COMPILER_APPICON_NAME = AppIcon;
				ASSETCATALOG_COMPILER_GLOBAL_ACCENT_COLOR_NAME = AccentColor;
				CODE_SIGN_STYLE = Automatic;
				CURRENT_PROJECT_VERSION = 1;
				GENERATE_INFOPLIST_FILE = YES;
				INFOPLIST_FILE = MilyonchuSE/Info.plist;
				INFOPLIST_KEY_UIApplicationSupportsIndirectInputEvents = YES;
				INFOPLIST_KEY_UILaunchStoryboardName = LaunchScreen;
				INFOPLIST_KEY_UIMainStoryboardFile = Main;
				INFOPLIST_KEY_UISupportedInterfaceOrientations_iPad = "UIInterfaceOrientationPortrait UIInterfaceOrientationPortraitUpsideDown UIInterfaceOrientationLandscapeLeft UIInterfaceOrientationLandscapeRight";
				INFOPLIST_KEY_UISupportedInterfaceOrientations_iPhone = "UIInterfaceOrientationPortrait UIInterfaceOrientationLandscapeLeft UIInterfaceOrientationLandscapeRight";
				LD_RUNPATH_SEARCH_PATHS = (
					"$(inherited)",
					"@executable_path/Frameworks",
				);
				MARKETING_VERSION = 1.0;
				PRODUCT_BUNDLE_IDENTIFIER = com.QuizAPP.MilyonchuSE;
				PRODUCT_NAME = "$(TARGET_NAME)";
				SWIFT_EMIT_LOC_STRINGS = YES;
				SWIFT_VERSION = 5.0;
				TARGETED_DEVICE_FAMILY = "1,2";
			};
			name = Release;
		};
/* End XCBuildConfiguration section */

/* Begin XCConfigurationList section */
		2AF04D732CB00AB500DA2BBB /* Build configuration list for PBXProject "MilyonchuSE" */ = {
			isa = XCConfigurationList;
			buildConfigurations = (
				2AF04D8A2CB00AB600DA2BBB /* Debug */,
				2AF04D8B2CB00AB600DA2BBB /* Release */,
			);
			defaultConfigurationIsVisible = 0;
			defaultConfigurationName = Release;
		};
		2AF04D8C2CB00AB600DA2BBB /* Build configuration list for PBXNativeTarget "MilyonchuSE" */ = {
			isa = XCConfigurationList;
			buildConfigurations = (
				2AF04D8D2CB00AB600DA2BBB /* Debug */,
				2AF04D8E2CB00AB600DA2BBB /* Release */,
			);
			defaultConfigurationIsVisible = 0;
			defaultConfigurationName = Release;
		};
/* End XCConfigurationList section */
	};
	rootObject = 2AF04D702CB00AB500DA2BBB /* Project object */;
}
